// !$*UTF8*$!
{
	archiveVersion = 1;
	classes = {
	};
	objectVersion = 46;
	objects = {

/* Begin PBXBuildFile section */
		02B504331B1D4C6C00EBA6A4 /* main.m in Sources */ = {isa = PBXBuildFile; fileRef = 02B504321B1D4C6C00EBA6A4 /* main.m */; };
		02B504361B1D4C6C00EBA6A4 /* AppDelegate.m in Sources */ = {isa = PBXBuildFile; fileRef = 02B504351B1D4C6C00EBA6A4 /* AppDelegate.m */; };
		02B504391B1D4C6C00EBA6A4 /* ViewController.m in Sources */ = {isa = PBXBuildFile; fileRef = 02B504381B1D4C6C00EBA6A4 /* ViewController.m */; };
		02B5043C1B1D4C6C00EBA6A4 /* Main.storyboard in Resources */ = {isa = PBXBuildFile; fileRef = 02B5043A1B1D4C6C00EBA6A4 /* Main.storyboard */; };
		02B5043E1B1D4C6C00EBA6A4 /* Images.xcassets in Resources */ = {isa = PBXBuildFile; fileRef = 02B5043D1B1D4C6C00EBA6A4 /* Images.xcassets */; };
		02B504411B1D4C6C00EBA6A4 /* LaunchScreen.xib in Resources */ = {isa = PBXBuildFile; fileRef = 02B5043F1B1D4C6C00EBA6A4 /* LaunchScreen.xib */; };
		02B5044D1B1D4C6C00EBA6A4 /* WhereAmITests.m in Sources */ = {isa = PBXBuildFile; fileRef = 02B5044C1B1D4C6C00EBA6A4 /* WhereAmITests.m */; };
/* End PBXBuildFile section */

/* Begin PBXContainerItemProxy section */
		02B504471B1D4C6C00EBA6A4 /* PBXContainerItemProxy */ = {
			isa = PBXContainerItemProxy;
			containerPortal = 02B504251B1D4C6C00EBA6A4 /* Project object */;
			proxyType = 1;
			remoteGlobalIDString = 02B5042C1B1D4C6C00EBA6A4;
			remoteInfo = WhereAmI;
		};
/* End PBXContainerItemProxy section */

/* Begin PBXFileReference section */
		02B5042D1B1D4C6C00EBA6A4 /* WhereAmI.app */ = {isa = PBXFileReference; explicitFileType = wrapper.application; includeInIndex = 0; path = WhereAmI.app; sourceTree = BUILT_PRODUCTS_DIR; };
		02B504311B1D4C6C00EBA6A4 /* Info.plist */ = {isa = PBXFileReference; lastKnownFileType = text.plist.xml; path = Info.plist; sourceTree = "<group>"; };
		02B504321B1D4C6C00EBA6A4 /* main.m */ = {isa = PBXFileReference; lastKnownFileType = sourcecode.c.objc; path = main.m; sourceTree = "<group>"; };
		02B504341B1D4C6C00EBA6A4 /* AppDelegate.h */ = {isa = PBXFileReference; lastKnownFileType = sourcecode.c.h; path = AppDelegate.h; sourceTree = "<group>"; };
		02B504351B1D4C6C00EBA6A4 /* AppDelegate.m */ = {isa = PBXFileReference; lastKnownFileType = sourcecode.c.objc; path = AppDelegate.m; sourceTree = "<group>"; };
		02B504371B1D4C6C00EBA6A4 /* ViewController.h */ = {isa = PBXFileReference; lastKnownFileType = sourcecode.c.h; path = ViewController.h; sourceTree = "<group>"; };
		02B504381B1D4C6C00EBA6A4 /* ViewController.m */ = {isa = PBXFileReference; lastKnownFileType = sourcecode.c.objc; path = ViewController.m; sourceTree = "<group>"; };
		02B5043B1B1D4C6C00EBA6A4 /* Base */ = {isa = PBXFileReference; lastKnownFileType = file.storyboard; name = Base; path = Base.lproj/Main.storyboard; sourceTree = "<group>"; };
		02B5043D1B1D4C6C00EBA6A4 /* Images.xcassets */ = {isa = PBXFileReference; lastKnownFileType = folder.assetcatalog; path = Images.xcassets; sourceTree = "<group>"; };
		02B504401B1D4C6C00EBA6A4 /* Base */ = {isa = PBXFileReference; lastKnownFileType = file.xib; name = Base; path = Base.lproj/LaunchScreen.xib; sourceTree = "<group>"; };
		02B504461B1D4C6C00EBA6A4 /* WhereAmITests.xctest */ = {isa = PBXFileReference; explicitFileType = wrapper.cfbundle; includeInIndex = 0; path = WhereAmITests.xctest; sourceTree = BUILT_PRODUCTS_DIR; };
		02B5044B1B1D4C6C00EBA6A4 /* Info.plist */ = {isa = PBXFileReference; lastKnownFileType = text.plist.xml; path = Info.plist; sourceTree = "<group>"; };
		02B5044C1B1D4C6C00EBA6A4 /* WhereAmITests.m */ = {isa = PBXFileReference; lastKnownFileType = sourcecode.c.objc; path = WhereAmITests.m; sourceTree = "<group>"; };
/* End PBXFileReference section */

/* Begin PBXFrameworksBuildPhase section */
		02B5042A1B1D4C6C00EBA6A4 /* Frameworks */ = {
			isa = PBXFrameworksBuildPhase;
			buildActionMask = 2147483647;
			files = (
			);
			runOnlyForDeploymentPostprocessing = 0;
		};
		02B504431B1D4C6C00EBA6A4 /* Frameworks */ = {
			isa = PBXFrameworksBuildPhase;
			buildActionMask = 2147483647;
			files = (
			);
			runOnlyForDeploymentPostprocessing = 0;
		};
/* End PBXFrameworksBuildPhase section */

/* Begin PBXGroup section */
		02B504241B1D4C6C00EBA6A4 = {
			isa = PBXGroup;
			children = (
				02B5042F1B1D4C6C00EBA6A4 /* WhereAmI */,
				02B504491B1D4C6C00EBA6A4 /* WhereAmITests */,
				02B5042E1B1D4C6C00EBA6A4 /* Products */,
			);
			sourceTree = "<group>";
		};
		02B5042E1B1D4C6C00EBA6A4 /* Products */ = {
			isa = PBXGroup;
			children = (
				02B5042D1B1D4C6C00EBA6A4 /* WhereAmI.app */,
				02B504461B1D4C6C00EBA6A4 /* WhereAmITests.xctest */,
			);
			name = Products;
			sourceTree = "<group>";
		};
		02B5042F1B1D4C6C00EBA6A4 /* WhereAmI */ = {
			isa = PBXGroup;
			children = (
				02B504341B1D4C6C00EBA6A4 /* AppDelegate.h */,
				02B504351B1D4C6C00EBA6A4 /* AppDelegate.m */,
				02B504371B1D4C6C00EBA6A4 /* ViewController.h */,
				02B504381B1D4C6C00EBA6A4 /* ViewController.m */,
				02B5043A1B1D4C6C00EBA6A4 /* Main.storyboard */,
				02B5043D1B1D4C6C00EBA6A4 /* Images.xcassets */,
				02B5043F1B1D4C6C00EBA6A4 /* LaunchScreen.xib */,
				02B504301B1D4C6C00EBA6A4 /* Supporting Files */,
			);
			path = WhereAmI;
			sourceTree = "<group>";
		};
		02B504301B1D4C6C00EBA6A4 /* Supporting Files */ = {
			isa = PBXGroup;
			children = (
				02B504311B1D4C6C00EBA6A4 /* Info.plist */,
				02B504321B1D4C6C00EBA6A4 /* main.m */,
			);
			name = "Supporting Files";
			sourceTree = "<group>";
		};
		02B504491B1D4C6C00EBA6A4 /* WhereAmITests */ = {
			isa = PBXGroup;
			children = (
				02B5044C1B1D4C6C00EBA6A4 /* WhereAmITests.m */,
				02B5044A1B1D4C6C00EBA6A4 /* Supporting Files */,
			);
			path = WhereAmITests;
			sourceTree = "<group>";
		};
		02B5044A1B1D4C6C00EBA6A4 /* Supporting Files */ = {
			isa = PBXGroup;
			children = (
				02B5044B1B1D4C6C00EBA6A4 /* Info.plist */,
			);
			name = "Supporting Files";
			sourceTree = "<group>";
		};
/* End PBXGroup section */

/* Begin PBXNativeTarget section */
		02B5042C1B1D4C6C00EBA6A4 /* WhereAmI */ = {
			isa = PBXNativeTarget;
			buildConfigurationList = 02B504501B1D4C6C00EBA6A4 /* Build configuration list for PBXNativeTarget "WhereAmI" */;
			buildPhases = (
				02B504291B1D4C6C00EBA6A4 /* Sources */,
				02B5042A1B1D4C6C00EBA6A4 /* Frameworks */,
				02B5042B1B1D4C6C00EBA6A4 /* Resources */,
			);
			buildRules = (
			);
			dependencies = (
			);
			name = WhereAmI;
			productName = WhereAmI;
			productReference = 02B5042D1B1D4C6C00EBA6A4 /* WhereAmI.app */;
			productType = "com.apple.product-type.application";
		};
		02B504451B1D4C6C00EBA6A4 /* WhereAmITests */ = {
			isa = PBXNativeTarget;
			buildConfigurationList = 02B504531B1D4C6C00EBA6A4 /* Build configuration list for PBXNativeTarget "WhereAmITests" */;
			buildPhases = (
				02B504421B1D4C6C00EBA6A4 /* Sources */,
				02B504431B1D4C6C00EBA6A4 /* Frameworks */,
				02B504441B1D4C6C00EBA6A4 /* Resources */,
			);
			buildRules = (
			);
			dependencies = (
				02B504481B1D4C6C00EBA6A4 /* PBXTargetDependency */,
			);
			name = WhereAmITests;
			productName = WhereAmITests;
			productReference = 02B504461B1D4C6C00EBA6A4 /* WhereAmITests.xctest */;
			productType = "com.apple.product-type.bundle.unit-test";
		};
/* End PBXNativeTarget section */

/* Begin PBXProject section */
		02B504251B1D4C6C00EBA6A4 /* Project object */ = {
			isa = PBXProject;
			attributes = {
				LastUpgradeCheck = 0630;
				ORGANIZATIONNAME = "Tony Mu";
				TargetAttributes = {
					02B5042C1B1D4C6C00EBA6A4 = {
						CreatedOnToolsVersion = 6.3.2;
					};
					02B504451B1D4C6C00EBA6A4 = {
						CreatedOnToolsVersion = 6.3.2;
						TestTargetID = 02B5042C1B1D4C6C00EBA6A4;
					};
				};
			};
			buildConfigurationList = 02B504281B1D4C6C00EBA6A4 /* Build configuration list for PBXProject "WhereAmI" */;
			compatibilityVersion = "Xcode 3.2";
			developmentRegion = English;
			hasScannedForEncodings = 0;
			knownRegions = (
				en,
				Base,
			);
			mainGroup = 02B504241B1D4C6C00EBA6A4;
			productRefGroup = 02B5042E1B1D4C6C00EBA6A4 /* Products */;
			projectDirPath = "";
			projectRoot = "";
			targets = (
				02B5042C1B1D4C6C00EBA6A4 /* WhereAmI */,
				02B504451B1D4C6C00EBA6A4 /* WhereAmITests */,
			);
		};
/* End PBXProject section */

/* Begin PBXResourcesBuildPhase section */
		02B5042B1B1D4C6C00EBA6A4 /* Resources */ = {
			isa = PBXResourcesBuildPhase;
			buildActionMask = 2147483647;
			files = (
				02B5043C1B1D4C6C00EBA6A4 /* Main.storyboard in Resources */,
				02B504411B1D4C6C00EBA6A4 /* LaunchScreen.xib in Resources */,
				02B5043E1B1D4C6C00EBA6A4 /* Images.xcassets in Resources */,
			);
			runOnlyForDeploymentPostprocessing = 0;
		};
		02B504441B1D4C6C00EBA6A4 /* Resources */ = {
			isa = PBXResourcesBuildPhase;
			buildActionMask = 2147483647;
			files = (
			);
			runOnlyForDeploymentPostprocessing = 0;
		};
/* End PBXResourcesBuildPhase section */

/* Begin PBXSourcesBuildPhase section */
		02B504291B1D4C6C00EBA6A4 /* Sources */ = {
			isa = PBXSourcesBuildPhase;
			buildActionMask = 2147483647;
			files = (
				02B504391B1D4C6C00EBA6A4 /* ViewController.m in Sources */,
				02B504361B1D4C6C00EBA6A4 /* AppDelegate.m in Sources */,
				02B504331B1D4C6C00EBA6A4 /* main.m in Sources */,
			);
			runOnlyForDeploymentPostprocessing = 0;
		};
		02B504421B1D4C6C00EBA6A4 /* Sources */ = {
			isa = PBXSourcesBuildPhase;
			buildActionMask = 2147483647;
			files = (
				02B5044D1B1D4C6C00EBA6A4 /* WhereAmITests.m in Sources */,
			);
			runOnlyForDeploymentPostprocessing = 0;
		};
/* End PBXSourcesBuildPhase section */

/* Begin PBXTargetDependency section */
		02B504481B1D4C6C00EBA6A4 /* PBXTargetDependency */ = {
			isa = PBXTargetDependency;
			target = 02B5042C1B1D4C6C00EBA6A4 /* WhereAmI */;
			targetProxy = 02B504471B1D4C6C00EBA6A4 /* PBXContainerItemProxy */;
		};
/* End PBXTargetDependency section */

/* Begin PBXVariantGroup section */
		02B5043A1B1D4C6C00EBA6A4 /* Main.storyboard */ = {
			isa = PBXVariantGroup;
			children = (
				02B5043B1B1D4C6C00EBA6A4 /* Base */,
			);
			name = Main.storyboard;
			sourceTree = "<group>";
		};
		02B5043F1B1D4C6C00EBA6A4 /* LaunchScreen.xib */ = {
			isa = PBXVariantGroup;
			children = (
				02B504401B1D4C6C00EBA6A4 /* Base */,
			);
			name = LaunchScreen.xib;
			sourceTree = "<group>";
		};
/* End PBXVariantGroup section */

/* Begin XCBuildConfiguration section */
		02B5044E1B1D4C6C00EBA6A4 /* Debug */ = {
			isa = XCBuildConfiguration;
			buildSettings = {
				ALWAYS_SEARCH_USER_PATHS = NO;
				CLANG_CXX_LANGUAGE_STANDARD = "gnu++0x";
				CLANG_CXX_LIBRARY = "libc++";
				CLANG_ENABLE_MODULES = YES;
				CLANG_ENABLE_OBJC_ARC = YES;
				CLANG_WARN_BOOL_CONVERSION = YES;
				CLANG_WARN_CONSTANT_CONVERSION = YES;
				CLANG_WARN_DIRECT_OBJC_ISA_USAGE = YES_ERROR;
				CLANG_WARN_EMPTY_BODY = YES;
				CLANG_WARN_ENUM_CONVERSION = YES;
				CLANG_WARN_INT_CONVERSION = YES;
				CLANG_WARN_OBJC_ROOT_CLASS = YES_ERROR;
				CLANG_WARN_UNREACHABLE_CODE = YES;
				CLANG_WARN__DUPLICATE_METHOD_MATCH = YES;
				"CODE_SIGN_IDENTITY[sdk=iphoneos*]" = "iPhone Developer";
				COPY_PHASE_STRIP = NO;
				DEBUG_INFORMATION_FORMAT = "dwarf-with-dsym";
				ENABLE_STRICT_OBJC_MSGSEND = YES;
				GCC_C_LANGUAGE_STANDARD = gnu99;
				GCC_DYNAMIC_NO_PIC = NO;
				GCC_NO_COMMON_BLOCKS = YES;
				GCC_OPTIMIZATION_LEVEL = 0;
				GCC_PREPROCESSOR_DEFINITIONS = (
					"DEBUG=1",
					"$(inherited)",
				);
				GCC_SYMBOLS_PRIVATE_EXTERN = NO;
				GCC_WARN_64_TO_32_BIT_CONVERSION = YES;
				GCC_WARN_ABOUT_RETURN_TYPE = YES_ERROR;
				GCC_WARN_UNDECLARED_SELECTOR = YES;
				GCC_WARN_UNINITIALIZED_AUTOS = YES_AGGRESSIVE;
				GCC_WARN_UNUSED_FUNCTION = YES;
				GCC_WARN_UNUSED_VARIABLE = YES;
				IPHONEOS_DEPLOYMENT_TARGET = 8.3;
				MTL_ENABLE_DEBUG_INFO = YES;
				ONLY_ACTIVE_ARCH = YES;
				SDKROOT = iphoneos;
			};
			name = Debug;
		};
		02B5044F1B1D4C6C00EBA6A4 /* Release */ = {
			isa = XCBuildConfiguration;
			buildSettings = {
				ALWAYS_SEARCH_USER_PATHS = NO;
				CLANG_CXX_LANGUAGE_STANDARD = "gnu++0x";
				CLANG_CXX_LIBRARY = "libc++";
				CLANG_ENABLE_MODULES = YES;
				CLANG_ENABLE_OBJC_ARC = YES;
				CLANG_WARN_BOOL_CONVERSION = YES;
				CLANG_WARN_CONSTANT_CONVERSION = YES;
				CLANG_WARN_DIRECT_OBJC_ISA_USAGE = YES_ERROR;
				CLANG_WARN_EMPTY_BODY = YES;
				CLANG_WARN_ENUM_CONVERSION = YES;
				CLANG_WARN_INT_CONVERSION = YES;
				CLANG_WARN_OBJC_ROOT_CLASS = YES_ERROR;
				CLANG_WARN_UNREACHABLE_CODE = YES;
				CLANG_WARN__DUPLICATE_METHOD_MATCH = YES;
				"CODE_SIGN_IDENTITY[sdk=iphoneos*]" = "iPhone Developer";
				COPY_PHASE_STRIP = NO;
				DEBUG_INFORMATION_FORMAT = "dwarf-with-dsym";
				ENABLE_NS_ASSERTIONS = NO;
				ENABLE_STRICT_OBJC_MSGSEND = YES;
				GCC_C_LANGUAGE_STANDARD = gnu99;
				GCC_NO_COMMON_BLOCKS = YES;
				GCC_WARN_64_TO_32_BIT_CONVERSION = YES;
				GCC_WARN_ABOUT_RETURN_TYPE = YES_ERROR;
				GCC_WARN_UNDECLARED_SELECTOR = YES;
				GCC_WARN_UNINITIALIZED_AUTOS = YES_AGGRESSIVE;
				GCC_WARN_UNUSED_FUNCTION = YES;
				GCC_WARN_UNUSED_VARIABLE = YES;
				IPHONEOS_DEPLOYMENT_TARGET = 8.3;
				MTL_ENABLE_DEBUG_INFO = NO;
				SDKROOT = iphoneos;
				VALIDATE_PRODUCT = YES;
			};
			name = Release;
		};
		02B504511B1D4C6C00EBA6A4 /* Debug */ = {
			isa = XCBuildConfiguration;
			buildSettings = {
				ASSETCATALOG_COMPILER_APPICON_NAME = AppIcon;
				INFOPLIST_FILE = WhereAmI/Info.plist;
				LD_RUNPATH_SEARCH_PATHS = "$(inherited) @executable_path/Frameworks";
				PRODUCT_NAME = "$(TARGET_NAME)";
			};
			name = Debug;
		};
		02B504521B1D4C6C00EBA6A4 /* Release */ = {
			isa = XCBuildConfiguration;
			buildSettings = {
				ASSETCATALOG_COMPILER_APPICON_NAME = AppIcon;
				INFOPLIST_FILE = WhereAmI/Info.plist;
				LD_RUNPATH_SEARCH_PATHS = "$(inherited) @executable_path/Frameworks";
				PRODUCT_NAME = "$(TARGET_NAME)";
			};
			name = Release;
		};
		02B504541B1D4C6C00EBA6A4 /* Debug */ = {
			isa = XCBuildConfiguration;
			buildSettings = {
				BUNDLE_LOADER = "$(TEST_HOST)";
				FRAMEWORK_SEARCH_PATHS = (
					"$(SDKROOT)/Developer/Library/Frameworks",
					"$(inherited)",
				);
				GCC_PREPROCESSOR_DEFINITIONS = (
					"DEBUG=1",
					"$(inherited)",
				);
				INFOPLIST_FILE = WhereAmITests/Info.plist;
				LD_RUNPATH_SEARCH_PATHS = "$(inherited) @executable_path/Frameworks @loader_path/Frameworks";
				PRODUCT_NAME = "$(TARGET_NAME)";
				TEST_HOST = "$(BUILT_PRODUCTS_DIR)/WhereAmI.app/WhereAmI";
			};
			name = Debug;
		};
		02B504551B1D4C6C00EBA6A4 /* Release */ = {
			isa = XCBuildConfiguration;
			buildSettings = {
				BUNDLE_LOADER = "$(TEST_HOST)";
				FRAMEWORK_SEARCH_PATHS = (
					"$(SDKROOT)/Developer/Library/Frameworks",
					"$(inherited)",
				);
				INFOPLIST_FILE = WhereAmITests/Info.plist;
				LD_RUNPATH_SEARCH_PATHS = "$(inherited) @executable_path/Frameworks @loader_path/Frameworks";
				PRODUCT_NAME = "$(TARGET_NAME)";
				TEST_HOST = "$(BUILT_PRODUCTS_DIR)/WhereAmI.app/WhereAmI";
			};
			name = Release;
		};
/* End XCBuildConfiguration section */

/* Begin XCConfigurationList section */
		02B504281B1D4C6C00EBA6A4 /* Build configuration list for PBXProject "WhereAmI" */ = {
			isa = XCConfigurationList;
			buildConfigurations = (
				02B5044E1B1D4C6C00EBA6A4 /* Debug */,
				02B5044F1B1D4C6C00EBA6A4 /* Release */,
			);
			defaultConfigurationIsVisible = 0;
			defaultConfigurationName = Release;
		};
		02B504501B1D4C6C00EBA6A4 /* Build configuration list for PBXNativeTarget "WhereAmI" */ = {
			isa = XCConfigurationList;
			buildConfigurations = (
				02B504511B1D4C6C00EBA6A4 /* Debug */,
				02B504521B1D4C6C00EBA6A4 /* Release */,
			);
			defaultConfigurationIsVisible = 0;
		};
		02B504531B1D4C6C00EBA6A4 /* Build configuration list for PBXNativeTarget "WhereAmITests" */ = {
			isa = XCConfigurationList;
			buildConfigurations = (
				02B504541B1D4C6C00EBA6A4 /* Debug */,
				02B504551B1D4C6C00EBA6A4 /* Release */,
			);
			defaultConfigurationIsVisible = 0;
		};
/* End XCConfigurationList section */
	};
	rootObject = 02B504251B1D4C6C00EBA6A4 /* Project object */;
}
