// !$*UTF8*$!
{
	archiveVersion = 1;
	classes = {
	};
	objectVersion = 46;
	objects = {

/* Begin PBXBuildFile section */
		025F1BBE1B1803FA00CC22C4 /* main.m in Sources */ = {isa = PBXBuildFile; fileRef = 025F1BBD1B1803FA00CC22C4 /* main.m */; };
		025F1BC11B1803FA00CC22C4 /* AppDelegate.m in Sources */ = {isa = PBXBuildFile; fileRef = 025F1BC01B1803FA00CC22C4 /* AppDelegate.m */; };
		025F1BC41B1803FA00CC22C4 /* ViewController.m in Sources */ = {isa = PBXBuildFile; fileRef = 025F1BC31B1803FA00CC22C4 /* ViewController.m */; };
		025F1BC71B1803FA00CC22C4 /* Main.storyboard in Resources */ = {isa = PBXBuildFile; fileRef = 025F1BC51B1803FA00CC22C4 /* Main.storyboard */; };
		025F1BC91B1803FA00CC22C4 /* Images.xcassets in Resources */ = {isa = PBXBuildFile; fileRef = 025F1BC81B1803FA00CC22C4 /* Images.xcassets */; };
		025F1BCC1B1803FA00CC22C4 /* LaunchScreen.xib in Resources */ = {isa = PBXBuildFile; fileRef = 025F1BCA1B1803FA00CC22C4 /* LaunchScreen.xib */; };
		025F1BD81B1803FA00CC22C4 /* Quiz2Tests.m in Sources */ = {isa = PBXBuildFile; fileRef = 025F1BD71B1803FA00CC22C4 /* Quiz2Tests.m */; };
/* End PBXBuildFile section */

/* Begin PBXContainerItemProxy section */
		025F1BD21B1803FA00CC22C4 /* PBXContainerItemProxy */ = {
			isa = PBXContainerItemProxy;
			containerPortal = 025F1BB01B1803FA00CC22C4 /* Project object */;
			proxyType = 1;
			remoteGlobalIDString = 025F1BB71B1803FA00CC22C4;
			remoteInfo = Quiz2;
		};
/* End PBXContainerItemProxy section */

/* Begin PBXFileReference section */
		025F1BB81B1803FA00CC22C4 /* Quiz2.app */ = {isa = PBXFileReference; explicitFileType = wrapper.application; includeInIndex = 0; path = Quiz2.app; sourceTree = BUILT_PRODUCTS_DIR; };
		025F1BBC1B1803FA00CC22C4 /* Info.plist */ = {isa = PBXFileReference; lastKnownFileType = text.plist.xml; path = Info.plist; sourceTree = "<group>"; };
		025F1BBD1B1803FA00CC22C4 /* main.m */ = {isa = PBXFileReference; lastKnownFileType = sourcecode.c.objc; path = main.m; sourceTree = "<group>"; };
		025F1BBF1B1803FA00CC22C4 /* AppDelegate.h */ = {isa = PBXFileReference; lastKnownFileType = sourcecode.c.h; path = AppDelegate.h; sourceTree = "<group>"; };
		025F1BC01B1803FA00CC22C4 /* AppDelegate.m */ = {isa = PBXFileReference; lastKnownFileType = sourcecode.c.objc; path = AppDelegate.m; sourceTree = "<group>"; };
		025F1BC21B1803FA00CC22C4 /* ViewController.h */ = {isa = PBXFileReference; lastKnownFileType = sourcecode.c.h; path = ViewController.h; sourceTree = "<group>"; };
		025F1BC31B1803FA00CC22C4 /* ViewController.m */ = {isa = PBXFileReference; lastKnownFileType = sourcecode.c.objc; path = ViewController.m; sourceTree = "<group>"; };
		025F1BC61B1803FA00CC22C4 /* Base */ = {isa = PBXFileReference; lastKnownFileType = file.storyboard; name = Base; path = Base.lproj/Main.storyboard; sourceTree = "<group>"; };
		025F1BC81B1803FA00CC22C4 /* Images.xcassets */ = {isa = PBXFileReference; lastKnownFileType = folder.assetcatalog; path = Images.xcassets; sourceTree = "<group>"; };
		025F1BCB1B1803FA00CC22C4 /* Base */ = {isa = PBXFileReference; lastKnownFileType = file.xib; name = Base; path = Base.lproj/LaunchScreen.xib; sourceTree = "<group>"; };
		025F1BD11B1803FA00CC22C4 /* Quiz2Tests.xctest */ = {isa = PBXFileReference; explicitFileType = wrapper.cfbundle; includeInIndex = 0; path = Quiz2Tests.xctest; sourceTree = BUILT_PRODUCTS_DIR; };
		025F1BD61B1803FA00CC22C4 /* Info.plist */ = {isa = PBXFileReference; lastKnownFileType = text.plist.xml; path = Info.plist; sourceTree = "<group>"; };
		025F1BD71B1803FA00CC22C4 /* Quiz2Tests.m */ = {isa = PBXFileReference; lastKnownFileType = sourcecode.c.objc; path = Quiz2Tests.m; sourceTree = "<group>"; };
/* End PBXFileReference section */

/* Begin PBXFrameworksBuildPhase section */
		025F1BB51B1803FA00CC22C4 /* Frameworks */ = {
			isa = PBXFrameworksBuildPhase;
			buildActionMask = 2147483647;
			files = (
			);
			runOnlyForDeploymentPostprocessing = 0;
		};
		025F1BCE1B1803FA00CC22C4 /* Frameworks */ = {
			isa = PBXFrameworksBuildPhase;
			buildActionMask = 2147483647;
			files = (
			);
			runOnlyForDeploymentPostprocessing = 0;
		};
/* End PBXFrameworksBuildPhase section */

/* Begin PBXGroup section */
		025F1BAF1B1803FA00CC22C4 = {
			isa = PBXGroup;
			children = (
				025F1BBA1B1803FA00CC22C4 /* Quiz2 */,
				025F1BD41B1803FA00CC22C4 /* Quiz2Tests */,
				025F1BB91B1803FA00CC22C4 /* Products */,
			);
			sourceTree = "<group>";
		};
		025F1BB91B1803FA00CC22C4 /* Products */ = {
			isa = PBXGroup;
			children = (
				025F1BB81B1803FA00CC22C4 /* Quiz2.app */,
				025F1BD11B1803FA00CC22C4 /* Quiz2Tests.xctest */,
			);
			name = Products;
			sourceTree = "<group>";
		};
		025F1BBA1B1803FA00CC22C4 /* Quiz2 */ = {
			isa = PBXGroup;
			children = (
				025F1BBF1B1803FA00CC22C4 /* AppDelegate.h */,
				025F1BC01B1803FA00CC22C4 /* AppDelegate.m */,
				025F1BC21B1803FA00CC22C4 /* ViewController.h */,
				025F1BC31B1803FA00CC22C4 /* ViewController.m */,
				025F1BC51B1803FA00CC22C4 /* Main.storyboard */,
				025F1BC81B1803FA00CC22C4 /* Images.xcassets */,
				025F1BCA1B1803FA00CC22C4 /* LaunchScreen.xib */,
				025F1BBB1B1803FA00CC22C4 /* Supporting Files */,
			);
			path = Quiz2;
			sourceTree = "<group>";
		};
		025F1BBB1B1803FA00CC22C4 /* Supporting Files */ = {
			isa = PBXGroup;
			children = (
				025F1BBC1B1803FA00CC22C4 /* Info.plist */,
				025F1BBD1B1803FA00CC22C4 /* main.m */,
			);
			name = "Supporting Files";
			sourceTree = "<group>";
		};
		025F1BD41B1803FA00CC22C4 /* Quiz2Tests */ = {
			isa = PBXGroup;
			children = (
				025F1BD71B1803FA00CC22C4 /* Quiz2Tests.m */,
				025F1BD51B1803FA00CC22C4 /* Supporting Files */,
			);
			path = Quiz2Tests;
			sourceTree = "<group>";
		};
		025F1BD51B1803FA00CC22C4 /* Supporting Files */ = {
			isa = PBXGroup;
			children = (
				025F1BD61B1803FA00CC22C4 /* Info.plist */,
			);
			name = "Supporting Files";
			sourceTree = "<group>";
		};
/* End PBXGroup section */

/* Begin PBXNativeTarget section */
		025F1BB71B1803FA00CC22C4 /* Quiz2 */ = {
			isa = PBXNativeTarget;
			buildConfigurationList = 025F1BDB1B1803FA00CC22C4 /* Build configuration list for PBXNativeTarget "Quiz2" */;
			buildPhases = (
				025F1BB41B1803FA00CC22C4 /* Sources */,
				025F1BB51B1803FA00CC22C4 /* Frameworks */,
				025F1BB61B1803FA00CC22C4 /* Resources */,
			);
			buildRules = (
			);
			dependencies = (
			);
			name = Quiz2;
			productName = Quiz2;
			productReference = 025F1BB81B1803FA00CC22C4 /* Quiz2.app */;
			productType = "com.apple.product-type.application";
		};
		025F1BD01B1803FA00CC22C4 /* Quiz2Tests */ = {
			isa = PBXNativeTarget;
			buildConfigurationList = 025F1BDE1B1803FA00CC22C4 /* Build configuration list for PBXNativeTarget "Quiz2Tests" */;
			buildPhases = (
				025F1BCD1B1803FA00CC22C4 /* Sources */,
				025F1BCE1B1803FA00CC22C4 /* Frameworks */,
				025F1BCF1B1803FA00CC22C4 /* Resources */,
			);
			buildRules = (
			);
			dependencies = (
				025F1BD31B1803FA00CC22C4 /* PBXTargetDependency */,
			);
			name = Quiz2Tests;
			productName = Quiz2Tests;
			productReference = 025F1BD11B1803FA00CC22C4 /* Quiz2Tests.xctest */;
			productType = "com.apple.product-type.bundle.unit-test";
		};
/* End PBXNativeTarget section */

/* Begin PBXProject section */
		025F1BB01B1803FA00CC22C4 /* Project object */ = {
			isa = PBXProject;
			attributes = {
				LastUpgradeCheck = 0630;
				ORGANIZATIONNAME = "Tony Mu";
				TargetAttributes = {
					025F1BB71B1803FA00CC22C4 = {
						CreatedOnToolsVersion = 6.3.2;
					};
					025F1BD01B1803FA00CC22C4 = {
						CreatedOnToolsVersion = 6.3.2;
						TestTargetID = 025F1BB71B1803FA00CC22C4;
					};
				};
			};
			buildConfigurationList = 025F1BB31B1803FA00CC22C4 /* Build configuration list for PBXProject "Quiz2" */;
			compatibilityVersion = "Xcode 3.2";
			developmentRegion = English;
			hasScannedForEncodings = 0;
			knownRegions = (
				en,
				Base,
			);
			mainGroup = 025F1BAF1B1803FA00CC22C4;
			productRefGroup = 025F1BB91B1803FA00CC22C4 /* Products */;
			projectDirPath = "";
			projectRoot = "";
			targets = (
				025F1BB71B1803FA00CC22C4 /* Quiz2 */,
				025F1BD01B1803FA00CC22C4 /* Quiz2Tests */,
			);
		};
/* End PBXProject section */

/* Begin PBXResourcesBuildPhase section */
		025F1BB61B1803FA00CC22C4 /* Resources */ = {
			isa = PBXResourcesBuildPhase;
			buildActionMask = 2147483647;
			files = (
				025F1BC71B1803FA00CC22C4 /* Main.storyboard in Resources */,
				025F1BCC1B1803FA00CC22C4 /* LaunchScreen.xib in Resources */,
				025F1BC91B1803FA00CC22C4 /* Images.xcassets in Resources */,
			);
			runOnlyForDeploymentPostprocessing = 0;
		};
		025F1BCF1B1803FA00CC22C4 /* Resources */ = {
			isa = PBXResourcesBuildPhase;
			buildActionMask = 2147483647;
			files = (
			);
			runOnlyForDeploymentPostprocessing = 0;
		};
/* End PBXResourcesBuildPhase section */

/* Begin PBXSourcesBuildPhase section */
		025F1BB41B1803FA00CC22C4 /* Sources */ = {
			isa = PBXSourcesBuildPhase;
			buildActionMask = 2147483647;
			files = (
				025F1BC41B1803FA00CC22C4 /* ViewController.m in Sources */,
				025F1BC11B1803FA00CC22C4 /* AppDelegate.m in Sources */,
				025F1BBE1B1803FA00CC22C4 /* main.m in Sources */,
			);
			runOnlyForDeploymentPostprocessing = 0;
		};
		025F1BCD1B1803FA00CC22C4 /* Sources */ = {
			isa = PBXSourcesBuildPhase;
			buildActionMask = 2147483647;
			files = (
				025F1BD81B1803FA00CC22C4 /* Quiz2Tests.m in Sources */,
			);
			runOnlyForDeploymentPostprocessing = 0;
		};
/* End PBXSourcesBuildPhase section */

/* Begin PBXTargetDependency section */
		025F1BD31B1803FA00CC22C4 /* PBXTargetDependency */ = {
			isa = PBXTargetDependency;
			target = 025F1BB71B1803FA00CC22C4 /* Quiz2 */;
			targetProxy = 025F1BD21B1803FA00CC22C4 /* PBXContainerItemProxy */;
		};
/* End PBXTargetDependency section */

/* Begin PBXVariantGroup section */
		025F1BC51B1803FA00CC22C4 /* Main.storyboard */ = {
			isa = PBXVariantGroup;
			children = (
				025F1BC61B1803FA00CC22C4 /* Base */,
			);
			name = Main.storyboard;
			sourceTree = "<group>";
		};
		025F1BCA1B1803FA00CC22C4 /* LaunchScreen.xib */ = {
			isa = PBXVariantGroup;
			children = (
				025F1BCB1B1803FA00CC22C4 /* Base */,
			);
			name = LaunchScreen.xib;
			sourceTree = "<group>";
		};
/* End PBXVariantGroup section */

/* Begin XCBuildConfiguration section */
		025F1BD91B1803FA00CC22C4 /* Debug */ = {
			isa = XCBuildConfiguration;
			buildSettings = {
				ALWAYS_SEARCH_USER_PATHS = NO;
				CLANG_CXX_LANGUAGE_STANDARD = "gnu++0x";
				CLANG_CXX_LIBRARY = "libc++";
				CLANG_ENABLE_MODULES = YES;
				CLANG_ENABLE_OBJC_ARC = YES;
				CLANG_WARN_BOOL_CONVERSION = YES;
				CLANG_WARN_CONSTANT_CONVERSION = YES;
				CLANG_WARN_DIRECT_OBJC_ISA_USAGE = YES_ERROR;
				CLANG_WARN_EMPTY_BODY = YES;
				CLANG_WARN_ENUM_CONVERSION = YES;
				CLANG_WARN_INT_CONVERSION = YES;
				CLANG_WARN_OBJC_ROOT_CLASS = YES_ERROR;
				CLANG_WARN_UNREACHABLE_CODE = YES;
				CLANG_WARN__DUPLICATE_METHOD_MATCH = YES;
				"CODE_SIGN_IDENTITY[sdk=iphoneos*]" = "iPhone Developer";
				COPY_PHASE_STRIP = NO;
				DEBUG_INFORMATION_FORMAT = "dwarf-with-dsym";
				ENABLE_STRICT_OBJC_MSGSEND = YES;
				GCC_C_LANGUAGE_STANDARD = gnu99;
				GCC_DYNAMIC_NO_PIC = NO;
				GCC_NO_COMMON_BLOCKS = YES;
				GCC_OPTIMIZATION_LEVEL = 0;
				GCC_PREPROCESSOR_DEFINITIONS = (
					"DEBUG=1",
					"$(inherited)",
				);
				GCC_SYMBOLS_PRIVATE_EXTERN = NO;
				GCC_WARN_64_TO_32_BIT_CONVERSION = YES;
				GCC_WARN_ABOUT_RETURN_TYPE = YES_ERROR;
				GCC_WARN_UNDECLARED_SELECTOR = YES;
				GCC_WARN_UNINITIALIZED_AUTOS = YES_AGGRESSIVE;
				GCC_WARN_UNUSED_FUNCTION = YES;
				GCC_WARN_UNUSED_VARIABLE = YES;
				IPHONEOS_DEPLOYMENT_TARGET = 8.3;
				MTL_ENABLE_DEBUG_INFO = YES;
				ONLY_ACTIVE_ARCH = YES;
				SDKROOT = iphoneos;
			};
			name = Debug;
		};
		025F1BDA1B1803FA00CC22C4 /* Release */ = {
			isa = XCBuildConfiguration;
			buildSettings = {
				ALWAYS_SEARCH_USER_PATHS = NO;
				CLANG_CXX_LANGUAGE_STANDARD = "gnu++0x";
				CLANG_CXX_LIBRARY = "libc++";
				CLANG_ENABLE_MODULES = YES;
				CLANG_ENABLE_OBJC_ARC = YES;
				CLANG_WARN_BOOL_CONVERSION = YES;
				CLANG_WARN_CONSTANT_CONVERSION = YES;
				CLANG_WARN_DIRECT_OBJC_ISA_USAGE = YES_ERROR;
				CLANG_WARN_EMPTY_BODY = YES;
				CLANG_WARN_ENUM_CONVERSION = YES;
				CLANG_WARN_INT_CONVERSION = YES;
				CLANG_WARN_OBJC_ROOT_CLASS = YES_ERROR;
				CLANG_WARN_UNREACHABLE_CODE = YES;
				CLANG_WARN__DUPLICATE_METHOD_MATCH = YES;
				"CODE_SIGN_IDENTITY[sdk=iphoneos*]" = "iPhone Developer";
				COPY_PHASE_STRIP = NO;
				DEBUG_INFORMATION_FORMAT = "dwarf-with-dsym";
				ENABLE_NS_ASSERTIONS = NO;
				ENABLE_STRICT_OBJC_MSGSEND = YES;
				GCC_C_LANGUAGE_STANDARD = gnu99;
				GCC_NO_COMMON_BLOCKS = YES;
				GCC_WARN_64_TO_32_BIT_CONVERSION = YES;
				GCC_WARN_ABOUT_RETURN_TYPE = YES_ERROR;
				GCC_WARN_UNDECLARED_SELECTOR = YES;
				GCC_WARN_UNINITIALIZED_AUTOS = YES_AGGRESSIVE;
				GCC_WARN_UNUSED_FUNCTION = YES;
				GCC_WARN_UNUSED_VARIABLE = YES;
				IPHONEOS_DEPLOYMENT_TARGET = 8.3;
				MTL_ENABLE_DEBUG_INFO = NO;
				SDKROOT = iphoneos;
				VALIDATE_PRODUCT = YES;
			};
			name = Release;
		};
		025F1BDC1B1803FA00CC22C4 /* Debug */ = {
			isa = XCBuildConfiguration;
			buildSettings = {
				ASSETCATALOG_COMPILER_APPICON_NAME = AppIcon;
				INFOPLIST_FILE = Quiz2/Info.plist;
				LD_RUNPATH_SEARCH_PATHS = "$(inherited) @executable_path/Frameworks";
				PRODUCT_NAME = "$(TARGET_NAME)";
			};
			name = Debug;
		};
		025F1BDD1B1803FA00CC22C4 /* Release */ = {
			isa = XCBuildConfiguration;
			buildSettings = {
				ASSETCATALOG_COMPILER_APPICON_NAME = AppIcon;
				INFOPLIST_FILE = Quiz2/Info.plist;
				LD_RUNPATH_SEARCH_PATHS = "$(inherited) @executable_path/Frameworks";
				PRODUCT_NAME = "$(TARGET_NAME)";
			};
			name = Release;
		};
		025F1BDF1B1803FA00CC22C4 /* Debug */ = {
			isa = XCBuildConfiguration;
			buildSettings = {
				BUNDLE_LOADER = "$(TEST_HOST)";
				FRAMEWORK_SEARCH_PATHS = (
					"$(SDKROOT)/Developer/Library/Frameworks",
					"$(inherited)",
				);
				GCC_PREPROCESSOR_DEFINITIONS = (
					"DEBUG=1",
					"$(inherited)",
				);
				INFOPLIST_FILE = Quiz2Tests/Info.plist;
				LD_RUNPATH_SEARCH_PATHS = "$(inherited) @executable_path/Frameworks @loader_path/Frameworks";
				PRODUCT_NAME = "$(TARGET_NAME)";
				TEST_HOST = "$(BUILT_PRODUCTS_DIR)/Quiz2.app/Quiz2";
			};
			name = Debug;
		};
		025F1BE01B1803FA00CC22C4 /* Release */ = {
			isa = XCBuildConfiguration;
			buildSettings = {
				BUNDLE_LOADER = "$(TEST_HOST)";
				FRAMEWORK_SEARCH_PATHS = (
					"$(SDKROOT)/Developer/Library/Frameworks",
					"$(inherited)",
				);
				INFOPLIST_FILE = Quiz2Tests/Info.plist;
				LD_RUNPATH_SEARCH_PATHS = "$(inherited) @executable_path/Frameworks @loader_path/Frameworks";
				PRODUCT_NAME = "$(TARGET_NAME)";
				TEST_HOST = "$(BUILT_PRODUCTS_DIR)/Quiz2.app/Quiz2";
			};
			name = Release;
		};
/* End XCBuildConfiguration section */

/* Begin XCConfigurationList section */
		025F1BB31B1803FA00CC22C4 /* Build configuration list for PBXProject "Quiz2" */ = {
			isa = XCConfigurationList;
			buildConfigurations = (
				025F1BD91B1803FA00CC22C4 /* Debug */,
				025F1BDA1B1803FA00CC22C4 /* Release */,
			);
			defaultConfigurationIsVisible = 0;
			defaultConfigurationName = Release;
		};
		025F1BDB1B1803FA00CC22C4 /* Build configuration list for PBXNativeTarget "Quiz2" */ = {
			isa = XCConfigurationList;
			buildConfigurations = (
				025F1BDC1B1803FA00CC22C4 /* Debug */,
				025F1BDD1B1803FA00CC22C4 /* Release */,
			);
			defaultConfigurationIsVisible = 0;
		};
		025F1BDE1B1803FA00CC22C4 /* Build configuration list for PBXNativeTarget "Quiz2Tests" */ = {
			isa = XCConfigurationList;
			buildConfigurations = (
				025F1BDF1B1803FA00CC22C4 /* Debug */,
				025F1BE01B1803FA00CC22C4 /* Release */,
			);
			defaultConfigurationIsVisible = 0;
		};
/* End XCConfigurationList section */
	};
	rootObject = 025F1BB01B1803FA00CC22C4 /* Project object */;
}
