// !$*UTF8*$!
{
	archiveVersion = 1;
	classes = {
	};
	objectVersion = 46;
	objects = {

/* Begin PBXBuildFile section */
		026224861B2F6AB2007ADD26 /* AppDelegate.swift in Sources */ = {isa = PBXBuildFile; fileRef = 026224851B2F6AB2007ADD26 /* AppDelegate.swift */; };
		026224881B2F6AB2007ADD26 /* ViewController.swift in Sources */ = {isa = PBXBuildFile; fileRef = 026224871B2F6AB2007ADD26 /* ViewController.swift */; };
		0262248B1B2F6AB2007ADD26 /* Main.storyboard in Resources */ = {isa = PBXBuildFile; fileRef = 026224891B2F6AB2007ADD26 /* Main.storyboard */; };
		0262248D1B2F6AB2007ADD26 /* Images.xcassets in Resources */ = {isa = PBXBuildFile; fileRef = 0262248C1B2F6AB2007ADD26 /* Images.xcassets */; };
		026224901B2F6AB2007ADD26 /* LaunchScreen.xib in Resources */ = {isa = PBXBuildFile; fileRef = 0262248E1B2F6AB2007ADD26 /* LaunchScreen.xib */; };
		0262249C1B2F6AB2007ADD26 /* FloTests.swift in Sources */ = {isa = PBXBuildFile; fileRef = 0262249B1B2F6AB2007ADD26 /* FloTests.swift */; };
		026224A61B2F6B38007ADD26 /* PushButtonView.swift in Sources */ = {isa = PBXBuildFile; fileRef = 026224A51B2F6B38007ADD26 /* PushButtonView.swift */; };
/* End PBXBuildFile section */

/* Begin PBXContainerItemProxy section */
		026224961B2F6AB2007ADD26 /* PBXContainerItemProxy */ = {
			isa = PBXContainerItemProxy;
			containerPortal = 026224781B2F6AB2007ADD26 /* Project object */;
			proxyType = 1;
			remoteGlobalIDString = 0262247F1B2F6AB2007ADD26;
			remoteInfo = Flo;
		};
/* End PBXContainerItemProxy section */

/* Begin PBXFileReference section */
		026224801B2F6AB2007ADD26 /* Flo.app */ = {isa = PBXFileReference; explicitFileType = wrapper.application; includeInIndex = 0; path = Flo.app; sourceTree = BUILT_PRODUCTS_DIR; };
		026224841B2F6AB2007ADD26 /* Info.plist */ = {isa = PBXFileReference; lastKnownFileType = text.plist.xml; path = Info.plist; sourceTree = "<group>"; };
		026224851B2F6AB2007ADD26 /* AppDelegate.swift */ = {isa = PBXFileReference; lastKnownFileType = sourcecode.swift; path = AppDelegate.swift; sourceTree = "<group>"; };
		026224871B2F6AB2007ADD26 /* ViewController.swift */ = {isa = PBXFileReference; lastKnownFileType = sourcecode.swift; path = ViewController.swift; sourceTree = "<group>"; };
		0262248A1B2F6AB2007ADD26 /* Base */ = {isa = PBXFileReference; lastKnownFileType = file.storyboard; name = Base; path = Base.lproj/Main.storyboard; sourceTree = "<group>"; };
		0262248C1B2F6AB2007ADD26 /* Images.xcassets */ = {isa = PBXFileReference; lastKnownFileType = folder.assetcatalog; path = Images.xcassets; sourceTree = "<group>"; };
		0262248F1B2F6AB2007ADD26 /* Base */ = {isa = PBXFileReference; lastKnownFileType = file.xib; name = Base; path = Base.lproj/LaunchScreen.xib; sourceTree = "<group>"; };
		026224951B2F6AB2007ADD26 /* FloTests.xctest */ = {isa = PBXFileReference; explicitFileType = wrapper.cfbundle; includeInIndex = 0; path = FloTests.xctest; sourceTree = BUILT_PRODUCTS_DIR; };
		0262249A1B2F6AB2007ADD26 /* Info.plist */ = {isa = PBXFileReference; lastKnownFileType = text.plist.xml; path = Info.plist; sourceTree = "<group>"; };
		0262249B1B2F6AB2007ADD26 /* FloTests.swift */ = {isa = PBXFileReference; lastKnownFileType = sourcecode.swift; path = FloTests.swift; sourceTree = "<group>"; };
		026224A51B2F6B38007ADD26 /* PushButtonView.swift */ = {isa = PBXFileReference; fileEncoding = 4; lastKnownFileType = sourcecode.swift; path = PushButtonView.swift; sourceTree = "<group>"; };
/* End PBXFileReference section */

/* Begin PBXFrameworksBuildPhase section */
		0262247D1B2F6AB2007ADD26 /* Frameworks */ = {
			isa = PBXFrameworksBuildPhase;
			buildActionMask = 2147483647;
			files = (
			);
			runOnlyForDeploymentPostprocessing = 0;
		};
		026224921B2F6AB2007ADD26 /* Frameworks */ = {
			isa = PBXFrameworksBuildPhase;
			buildActionMask = 2147483647;
			files = (
			);
			runOnlyForDeploymentPostprocessing = 0;
		};
/* End PBXFrameworksBuildPhase section */

/* Begin PBXGroup section */
		026224771B2F6AB2007ADD26 = {
			isa = PBXGroup;
			children = (
				026224821B2F6AB2007ADD26 /* Flo */,
				026224981B2F6AB2007ADD26 /* FloTests */,
				026224811B2F6AB2007ADD26 /* Products */,
			);
			sourceTree = "<group>";
		};
		026224811B2F6AB2007ADD26 /* Products */ = {
			isa = PBXGroup;
			children = (
				026224801B2F6AB2007ADD26 /* Flo.app */,
				026224951B2F6AB2007ADD26 /* FloTests.xctest */,
			);
			name = Products;
			sourceTree = "<group>";
		};
		026224821B2F6AB2007ADD26 /* Flo */ = {
			isa = PBXGroup;
			children = (
				026224851B2F6AB2007ADD26 /* AppDelegate.swift */,
				026224871B2F6AB2007ADD26 /* ViewController.swift */,
				026224891B2F6AB2007ADD26 /* Main.storyboard */,
				026224A51B2F6B38007ADD26 /* PushButtonView.swift */,
				0262248C1B2F6AB2007ADD26 /* Images.xcassets */,
				0262248E1B2F6AB2007ADD26 /* LaunchScreen.xib */,
				026224831B2F6AB2007ADD26 /* Supporting Files */,
			);
			path = Flo;
			sourceTree = "<group>";
		};
		026224831B2F6AB2007ADD26 /* Supporting Files */ = {
			isa = PBXGroup;
			children = (
				026224841B2F6AB2007ADD26 /* Info.plist */,
			);
			name = "Supporting Files";
			sourceTree = "<group>";
		};
		026224981B2F6AB2007ADD26 /* FloTests */ = {
			isa = PBXGroup;
			children = (
				0262249B1B2F6AB2007ADD26 /* FloTests.swift */,
				026224991B2F6AB2007ADD26 /* Supporting Files */,
			);
			path = FloTests;
			sourceTree = "<group>";
		};
		026224991B2F6AB2007ADD26 /* Supporting Files */ = {
			isa = PBXGroup;
			children = (
				0262249A1B2F6AB2007ADD26 /* Info.plist */,
			);
			name = "Supporting Files";
			sourceTree = "<group>";
		};
/* End PBXGroup section */

/* Begin PBXNativeTarget section */
		0262247F1B2F6AB2007ADD26 /* Flo */ = {
			isa = PBXNativeTarget;
			buildConfigurationList = 0262249F1B2F6AB2007ADD26 /* Build configuration list for PBXNativeTarget "Flo" */;
			buildPhases = (
				0262247C1B2F6AB2007ADD26 /* Sources */,
				0262247D1B2F6AB2007ADD26 /* Frameworks */,
				0262247E1B2F6AB2007ADD26 /* Resources */,
			);
			buildRules = (
			);
			dependencies = (
			);
			name = Flo;
			productName = Flo;
			productReference = 026224801B2F6AB2007ADD26 /* Flo.app */;
			productType = "com.apple.product-type.application";
		};
		026224941B2F6AB2007ADD26 /* FloTests */ = {
			isa = PBXNativeTarget;
			buildConfigurationList = 026224A21B2F6AB2007ADD26 /* Build configuration list for PBXNativeTarget "FloTests" */;
			buildPhases = (
				026224911B2F6AB2007ADD26 /* Sources */,
				026224921B2F6AB2007ADD26 /* Frameworks */,
				026224931B2F6AB2007ADD26 /* Resources */,
			);
			buildRules = (
			);
			dependencies = (
				026224971B2F6AB2007ADD26 /* PBXTargetDependency */,
			);
			name = FloTests;
			productName = FloTests;
			productReference = 026224951B2F6AB2007ADD26 /* FloTests.xctest */;
			productType = "com.apple.product-type.bundle.unit-test";
		};
/* End PBXNativeTarget section */

/* Begin PBXProject section */
		026224781B2F6AB2007ADD26 /* Project object */ = {
			isa = PBXProject;
			attributes = {
				LastUpgradeCheck = 0630;
				ORGANIZATIONNAME = "The Shepherd";
				TargetAttributes = {
					0262247F1B2F6AB2007ADD26 = {
						CreatedOnToolsVersion = 6.3.2;
					};
					026224941B2F6AB2007ADD26 = {
						CreatedOnToolsVersion = 6.3.2;
						TestTargetID = 0262247F1B2F6AB2007ADD26;
					};
				};
			};
			buildConfigurationList = 0262247B1B2F6AB2007ADD26 /* Build configuration list for PBXProject "Flo" */;
			compatibilityVersion = "Xcode 3.2";
			developmentRegion = English;
			hasScannedForEncodings = 0;
			knownRegions = (
				en,
				Base,
			);
			mainGroup = 026224771B2F6AB2007ADD26;
			productRefGroup = 026224811B2F6AB2007ADD26 /* Products */;
			projectDirPath = "";
			projectRoot = "";
			targets = (
				0262247F1B2F6AB2007ADD26 /* Flo */,
				026224941B2F6AB2007ADD26 /* FloTests */,
			);
		};
/* End PBXProject section */

/* Begin PBXResourcesBuildPhase section */
		0262247E1B2F6AB2007ADD26 /* Resources */ = {
			isa = PBXResourcesBuildPhase;
			buildActionMask = 2147483647;
			files = (
				0262248B1B2F6AB2007ADD26 /* Main.storyboard in Resources */,
				026224901B2F6AB2007ADD26 /* LaunchScreen.xib in Resources */,
				0262248D1B2F6AB2007ADD26 /* Images.xcassets in Resources */,
			);
			runOnlyForDeploymentPostprocessing = 0;
		};
		026224931B2F6AB2007ADD26 /* Resources */ = {
			isa = PBXResourcesBuildPhase;
			buildActionMask = 2147483647;
			files = (
			);
			runOnlyForDeploymentPostprocessing = 0;
		};
/* End PBXResourcesBuildPhase section */

/* Begin PBXSourcesBuildPhase section */
		0262247C1B2F6AB2007ADD26 /* Sources */ = {
			isa = PBXSourcesBuildPhase;
			buildActionMask = 2147483647;
			files = (
				026224881B2F6AB2007ADD26 /* ViewController.swift in Sources */,
				026224A61B2F6B38007ADD26 /* PushButtonView.swift in Sources */,
				026224861B2F6AB2007ADD26 /* AppDelegate.swift in Sources */,
			);
			runOnlyForDeploymentPostprocessing = 0;
		};
		026224911B2F6AB2007ADD26 /* Sources */ = {
			isa = PBXSourcesBuildPhase;
			buildActionMask = 2147483647;
			files = (
				0262249C1B2F6AB2007ADD26 /* FloTests.swift in Sources */,
			);
			runOnlyForDeploymentPostprocessing = 0;
		};
/* End PBXSourcesBuildPhase section */

/* Begin PBXTargetDependency section */
		026224971B2F6AB2007ADD26 /* PBXTargetDependency */ = {
			isa = PBXTargetDependency;
			target = 0262247F1B2F6AB2007ADD26 /* Flo */;
			targetProxy = 026224961B2F6AB2007ADD26 /* PBXContainerItemProxy */;
		};
/* End PBXTargetDependency section */

/* Begin PBXVariantGroup section */
		026224891B2F6AB2007ADD26 /* Main.storyboard */ = {
			isa = PBXVariantGroup;
			children = (
				0262248A1B2F6AB2007ADD26 /* Base */,
			);
			name = Main.storyboard;
			sourceTree = "<group>";
		};
		0262248E1B2F6AB2007ADD26 /* LaunchScreen.xib */ = {
			isa = PBXVariantGroup;
			children = (
				0262248F1B2F6AB2007ADD26 /* Base */,
			);
			name = LaunchScreen.xib;
			sourceTree = "<group>";
		};
/* End PBXVariantGroup section */

/* Begin XCBuildConfiguration section */
		0262249D1B2F6AB2007ADD26 /* Debug */ = {
			isa = XCBuildConfiguration;
			buildSettings = {
				ALWAYS_SEARCH_USER_PATHS = NO;
				CLANG_CXX_LANGUAGE_STANDARD = "gnu++0x";
				CLANG_CXX_LIBRARY = "libc++";
				CLANG_ENABLE_MODULES = YES;
				CLANG_ENABLE_OBJC_ARC = YES;
				CLANG_WARN_BOOL_CONVERSION = YES;
				CLANG_WARN_CONSTANT_CONVERSION = YES;
				CLANG_WARN_DIRECT_OBJC_ISA_USAGE = YES_ERROR;
				CLANG_WARN_EMPTY_BODY = YES;
				CLANG_WARN_ENUM_CONVERSION = YES;
				CLANG_WARN_INT_CONVERSION = YES;
				CLANG_WARN_OBJC_ROOT_CLASS = YES_ERROR;
				CLANG_WARN_UNREACHABLE_CODE = YES;
				CLANG_WARN__DUPLICATE_METHOD_MATCH = YES;
				"CODE_SIGN_IDENTITY[sdk=iphoneos*]" = "iPhone Developer";
				COPY_PHASE_STRIP = NO;
				DEBUG_INFORMATION_FORMAT = "dwarf-with-dsym";
				ENABLE_STRICT_OBJC_MSGSEND = YES;
				GCC_C_LANGUAGE_STANDARD = gnu99;
				GCC_DYNAMIC_NO_PIC = NO;
				GCC_NO_COMMON_BLOCKS = YES;
				GCC_OPTIMIZATION_LEVEL = 0;
				GCC_PREPROCESSOR_DEFINITIONS = (
					"DEBUG=1",
					"$(inherited)",
				);
				GCC_SYMBOLS_PRIVATE_EXTERN = NO;
				GCC_WARN_64_TO_32_BIT_CONVERSION = YES;
				GCC_WARN_ABOUT_RETURN_TYPE = YES_ERROR;
				GCC_WARN_UNDECLARED_SELECTOR = YES;
				GCC_WARN_UNINITIALIZED_AUTOS = YES_AGGRESSIVE;
				GCC_WARN_UNUSED_FUNCTION = YES;
				GCC_WARN_UNUSED_VARIABLE = YES;
				IPHONEOS_DEPLOYMENT_TARGET = 8.3;
				MTL_ENABLE_DEBUG_INFO = YES;
				ONLY_ACTIVE_ARCH = YES;
				SDKROOT = iphoneos;
				SWIFT_OPTIMIZATION_LEVEL = "-Onone";
			};
			name = Debug;
		};
		0262249E1B2F6AB2007ADD26 /* Release */ = {
			isa = XCBuildConfiguration;
			buildSettings = {
				ALWAYS_SEARCH_USER_PATHS = NO;
				CLANG_CXX_LANGUAGE_STANDARD = "gnu++0x";
				CLANG_CXX_LIBRARY = "libc++";
				CLANG_ENABLE_MODULES = YES;
				CLANG_ENABLE_OBJC_ARC = YES;
				CLANG_WARN_BOOL_CONVERSION = YES;
				CLANG_WARN_CONSTANT_CONVERSION = YES;
				CLANG_WARN_DIRECT_OBJC_ISA_USAGE = YES_ERROR;
				CLANG_WARN_EMPTY_BODY = YES;
				CLANG_WARN_ENUM_CONVERSION = YES;
				CLANG_WARN_INT_CONVERSION = YES;
				CLANG_WARN_OBJC_ROOT_CLASS = YES_ERROR;
				CLANG_WARN_UNREACHABLE_CODE = YES;
				CLANG_WARN__DUPLICATE_METHOD_MATCH = YES;
				"CODE_SIGN_IDENTITY[sdk=iphoneos*]" = "iPhone Developer";
				COPY_PHASE_STRIP = NO;
				DEBUG_INFORMATION_FORMAT = "dwarf-with-dsym";
				ENABLE_NS_ASSERTIONS = NO;
				ENABLE_STRICT_OBJC_MSGSEND = YES;
				GCC_C_LANGUAGE_STANDARD = gnu99;
				GCC_NO_COMMON_BLOCKS = YES;
				GCC_WARN_64_TO_32_BIT_CONVERSION = YES;
				GCC_WARN_ABOUT_RETURN_TYPE = YES_ERROR;
				GCC_WARN_UNDECLARED_SELECTOR = YES;
				GCC_WARN_UNINITIALIZED_AUTOS = YES_AGGRESSIVE;
				GCC_WARN_UNUSED_FUNCTION = YES;
				GCC_WARN_UNUSED_VARIABLE = YES;
				IPHONEOS_DEPLOYMENT_TARGET = 8.3;
				MTL_ENABLE_DEBUG_INFO = NO;
				SDKROOT = iphoneos;
				VALIDATE_PRODUCT = YES;
			};
			name = Release;
		};
		026224A01B2F6AB2007ADD26 /* Debug */ = {
			isa = XCBuildConfiguration;
			buildSettings = {
				ASSETCATALOG_COMPILER_APPICON_NAME = AppIcon;
				INFOPLIST_FILE = Flo/Info.plist;
				LD_RUNPATH_SEARCH_PATHS = "$(inherited) @executable_path/Frameworks";
				PRODUCT_NAME = "$(TARGET_NAME)";
			};
			name = Debug;
		};
		026224A11B2F6AB2007ADD26 /* Release */ = {
			isa = XCBuildConfiguration;
			buildSettings = {
				ASSETCATALOG_COMPILER_APPICON_NAME = AppIcon;
				INFOPLIST_FILE = Flo/Info.plist;
				LD_RUNPATH_SEARCH_PATHS = "$(inherited) @executable_path/Frameworks";
				PRODUCT_NAME = "$(TARGET_NAME)";
			};
			name = Release;
		};
		026224A31B2F6AB2007ADD26 /* Debug */ = {
			isa = XCBuildConfiguration;
			buildSettings = {
				BUNDLE_LOADER = "$(TEST_HOST)";
				FRAMEWORK_SEARCH_PATHS = (
					"$(SDKROOT)/Developer/Library/Frameworks",
					"$(inherited)",
				);
				GCC_PREPROCESSOR_DEFINITIONS = (
					"DEBUG=1",
					"$(inherited)",
				);
				INFOPLIST_FILE = FloTests/Info.plist;
				LD_RUNPATH_SEARCH_PATHS = "$(inherited) @executable_path/Frameworks @loader_path/Frameworks";
				PRODUCT_NAME = "$(TARGET_NAME)";
				TEST_HOST = "$(BUILT_PRODUCTS_DIR)/Flo.app/Flo";
			};
			name = Debug;
		};
		026224A41B2F6AB2007ADD26 /* Release */ = {
			isa = XCBuildConfiguration;
			buildSettings = {
				BUNDLE_LOADER = "$(TEST_HOST)";
				FRAMEWORK_SEARCH_PATHS = (
					"$(SDKROOT)/Developer/Library/Frameworks",
					"$(inherited)",
				);
				INFOPLIST_FILE = FloTests/Info.plist;
				LD_RUNPATH_SEARCH_PATHS = "$(inherited) @executable_path/Frameworks @loader_path/Frameworks";
				PRODUCT_NAME = "$(TARGET_NAME)";
				TEST_HOST = "$(BUILT_PRODUCTS_DIR)/Flo.app/Flo";
			};
			name = Release;
		};
/* End XCBuildConfiguration section */

/* Begin XCConfigurationList section */
		0262247B1B2F6AB2007ADD26 /* Build configuration list for PBXProject "Flo" */ = {
			isa = XCConfigurationList;
			buildConfigurations = (
				0262249D1B2F6AB2007ADD26 /* Debug */,
				0262249E1B2F6AB2007ADD26 /* Release */,
			);
			defaultConfigurationIsVisible = 0;
			defaultConfigurationName = Release;
		};
		0262249F1B2F6AB2007ADD26 /* Build configuration list for PBXNativeTarget "Flo" */ = {
			isa = XCConfigurationList;
			buildConfigurations = (
				026224A01B2F6AB2007ADD26 /* Debug */,
				026224A11B2F6AB2007ADD26 /* Release */,
			);
			defaultConfigurationIsVisible = 0;
		};
		026224A21B2F6AB2007ADD26 /* Build configuration list for PBXNativeTarget "FloTests" */ = {
			isa = XCConfigurationList;
			buildConfigurations = (
				026224A31B2F6AB2007ADD26 /* Debug */,
				026224A41B2F6AB2007ADD26 /* Release */,
			);
			defaultConfigurationIsVisible = 0;
		};
/* End XCConfigurationList section */
	};
	rootObject = 026224781B2F6AB2007ADD26 /* Project object */;
}
