// !$*UTF8*$!
{
	archiveVersion = 1;
	classes = {
	};
	objectVersion = 46;
	objects = {

/* Begin PBXBuildFile section */
		028C6E691B192E59004E78D5 /* main.m in Sources */ = {isa = PBXBuildFile; fileRef = 028C6E681B192E59004E78D5 /* main.m */; };
		028C6E721B19734B004E78D5 /* BNRItem.m in Sources */ = {isa = PBXBuildFile; fileRef = 028C6E711B19734B004E78D5 /* BNRItem.m */; };
/* End PBXBuildFile section */

/* Begin PBXCopyFilesBuildPhase section */
		028C6E631B192E59004E78D5 /* CopyFiles */ = {
			isa = PBXCopyFilesBuildPhase;
			buildActionMask = 2147483647;
			dstPath = /usr/share/man/man1/;
			dstSubfolderSpec = 0;
			files = (
			);
			runOnlyForDeploymentPostprocessing = 1;
		};
/* End PBXCopyFilesBuildPhase section */

/* Begin PBXFileReference section */
		028C6E651B192E59004E78D5 /* RandomPossesions */ = {isa = PBXFileReference; explicitFileType = "compiled.mach-o.executable"; includeInIndex = 0; path = RandomPossesions; sourceTree = BUILT_PRODUCTS_DIR; };
		028C6E681B192E59004E78D5 /* main.m */ = {isa = PBXFileReference; lastKnownFileType = sourcecode.c.objc; path = main.m; sourceTree = "<group>"; };
		028C6E701B19734B004E78D5 /* BNRItem.h */ = {isa = PBXFileReference; fileEncoding = 4; lastKnownFileType = sourcecode.c.h; path = BNRItem.h; sourceTree = "<group>"; };
		028C6E711B19734B004E78D5 /* BNRItem.m */ = {isa = PBXFileReference; fileEncoding = 4; lastKnownFileType = sourcecode.c.objc; path = BNRItem.m; sourceTree = "<group>"; };
/* End PBXFileReference section */

/* Begin PBXFrameworksBuildPhase section */
		028C6E621B192E59004E78D5 /* Frameworks */ = {
			isa = PBXFrameworksBuildPhase;
			buildActionMask = 2147483647;
			files = (
			);
			runOnlyForDeploymentPostprocessing = 0;
		};
/* End PBXFrameworksBuildPhase section */

/* Begin PBXGroup section */
		028C6E5C1B192E59004E78D5 = {
			isa = PBXGroup;
			children = (
				028C6E671B192E59004E78D5 /* RandomPossesions */,
				028C6E661B192E59004E78D5 /* Products */,
			);
			sourceTree = "<group>";
		};
		028C6E661B192E59004E78D5 /* Products */ = {
			isa = PBXGroup;
			children = (
				028C6E651B192E59004E78D5 /* RandomPossesions */,
			);
			name = Products;
			sourceTree = "<group>";
		};
		028C6E671B192E59004E78D5 /* RandomPossesions */ = {
			isa = PBXGroup;
			children = (
				028C6E681B192E59004E78D5 /* main.m */,
				028C6E701B19734B004E78D5 /* BNRItem.h */,
				028C6E711B19734B004E78D5 /* BNRItem.m */,
			);
			path = RandomPossesions;
			sourceTree = "<group>";
		};
/* End PBXGroup section */

/* Begin PBXNativeTarget section */
		028C6E641B192E59004E78D5 /* RandomPossesions */ = {
			isa = PBXNativeTarget;
			buildConfigurationList = 028C6E6C1B192E59004E78D5 /* Build configuration list for PBXNativeTarget "RandomPossesions" */;
			buildPhases = (
				028C6E611B192E59004E78D5 /* Sources */,
				028C6E621B192E59004E78D5 /* Frameworks */,
				028C6E631B192E59004E78D5 /* CopyFiles */,
			);
			buildRules = (
			);
			dependencies = (
			);
			name = RandomPossesions;
			productName = RandomPossesions;
			productReference = 028C6E651B192E59004E78D5 /* RandomPossesions */;
			productType = "com.apple.product-type.tool";
		};
/* End PBXNativeTarget section */

/* Begin PBXProject section */
		028C6E5D1B192E59004E78D5 /* Project object */ = {
			isa = PBXProject;
			attributes = {
				LastUpgradeCheck = 0630;
				ORGANIZATIONNAME = "Tony Mu";
				TargetAttributes = {
					028C6E641B192E59004E78D5 = {
						CreatedOnToolsVersion = 6.3.2;
					};
				};
			};
			buildConfigurationList = 028C6E601B192E59004E78D5 /* Build configuration list for PBXProject "RandomPossesions" */;
			compatibilityVersion = "Xcode 3.2";
			developmentRegion = English;
			hasScannedForEncodings = 0;
			knownRegions = (
				en,
			);
			mainGroup = 028C6E5C1B192E59004E78D5;
			productRefGroup = 028C6E661B192E59004E78D5 /* Products */;
			projectDirPath = "";
			projectRoot = "";
			targets = (
				028C6E641B192E59004E78D5 /* RandomPossesions */,
			);
		};
/* End PBXProject section */

/* Begin PBXSourcesBuildPhase section */
		028C6E611B192E59004E78D5 /* Sources */ = {
			isa = PBXSourcesBuildPhase;
			buildActionMask = 2147483647;
			files = (
				028C6E691B192E59004E78D5 /* main.m in Sources */,
				028C6E721B19734B004E78D5 /* BNRItem.m in Sources */,
			);
			runOnlyForDeploymentPostprocessing = 0;
		};
/* End PBXSourcesBuildPhase section */

/* Begin XCBuildConfiguration section */
		028C6E6A1B192E59004E78D5 /* Debug */ = {
			isa = XCBuildConfiguration;
			buildSettings = {
				ALWAYS_SEARCH_USER_PATHS = NO;
				CLANG_CXX_LANGUAGE_STANDARD = "gnu++0x";
				CLANG_CXX_LIBRARY = "libc++";
				CLANG_ENABLE_MODULES = YES;
				CLANG_ENABLE_OBJC_ARC = YES;
				CLANG_WARN_BOOL_CONVERSION = YES;
				CLANG_WARN_CONSTANT_CONVERSION = YES;
				CLANG_WARN_DIRECT_OBJC_ISA_USAGE = YES_ERROR;
				CLANG_WARN_EMPTY_BODY = YES;
				CLANG_WARN_ENUM_CONVERSION = YES;
				CLANG_WARN_INT_CONVERSION = YES;
				CLANG_WARN_OBJC_ROOT_CLASS = YES_ERROR;
				CLANG_WARN_UNREACHABLE_CODE = YES;
				CLANG_WARN__DUPLICATE_METHOD_MATCH = YES;
				COPY_PHASE_STRIP = NO;
				DEBUG_INFORMATION_FORMAT = dwarf;
				ENABLE_STRICT_OBJC_MSGSEND = YES;
				GCC_C_LANGUAGE_STANDARD = gnu99;
				GCC_DYNAMIC_NO_PIC = NO;
				GCC_NO_COMMON_BLOCKS = YES;
				GCC_OPTIMIZATION_LEVEL = 0;
				GCC_PREPROCESSOR_DEFINITIONS = (
					"DEBUG=1",
					"$(inherited)",
				);
				GCC_SYMBOLS_PRIVATE_EXTERN = NO;
				GCC_WARN_64_TO_32_BIT_CONVERSION = YES;
				GCC_WARN_ABOUT_RETURN_TYPE = YES_ERROR;
				GCC_WARN_UNDECLARED_SELECTOR = YES;
				GCC_WARN_UNINITIALIZED_AUTOS = YES_AGGRESSIVE;
				GCC_WARN_UNUSED_FUNCTION = YES;
				GCC_WARN_UNUSED_VARIABLE = YES;
				MACOSX_DEPLOYMENT_TARGET = 10.10;
				MTL_ENABLE_DEBUG_INFO = YES;
				ONLY_ACTIVE_ARCH = YES;
				SDKROOT = macosx;
			};
			name = Debug;
		};
		028C6E6B1B192E59004E78D5 /* Release */ = {
			isa = XCBuildConfiguration;
			buildSettings = {
				ALWAYS_SEARCH_USER_PATHS = NO;
				CLANG_CXX_LANGUAGE_STANDARD = "gnu++0x";
				CLANG_CXX_LIBRARY = "libc++";
				CLANG_ENABLE_MODULES = YES;
				CLANG_ENABLE_OBJC_ARC = YES;
				CLANG_WARN_BOOL_CONVERSION = YES;
				CLANG_WARN_CONSTANT_CONVERSION = YES;
				CLANG_WARN_DIRECT_OBJC_ISA_USAGE = YES_ERROR;
				CLANG_WARN_EMPTY_BODY = YES;
				CLANG_WARN_ENUM_CONVERSION = YES;
				CLANG_WARN_INT_CONVERSION = YES;
				CLANG_WARN_OBJC_ROOT_CLASS = YES_ERROR;
				CLANG_WARN_UNREACHABLE_CODE = YES;
				CLANG_WARN__DUPLICATE_METHOD_MATCH = YES;
				COPY_PHASE_STRIP = NO;
				DEBUG_INFORMATION_FORMAT = "dwarf-with-dsym";
				ENABLE_NS_ASSERTIONS = NO;
				ENABLE_STRICT_OBJC_MSGSEND = YES;
				GCC_C_LANGUAGE_STANDARD = gnu99;
				GCC_NO_COMMON_BLOCKS = YES;
				GCC_WARN_64_TO_32_BIT_CONVERSION = YES;
				GCC_WARN_ABOUT_RETURN_TYPE = YES_ERROR;
				GCC_WARN_UNDECLARED_SELECTOR = YES;
				GCC_WARN_UNINITIALIZED_AUTOS = YES_AGGRESSIVE;
				GCC_WARN_UNUSED_FUNCTION = YES;
				GCC_WARN_UNUSED_VARIABLE = YES;
				MACOSX_DEPLOYMENT_TARGET = 10.10;
				MTL_ENABLE_DEBUG_INFO = NO;
				SDKROOT = macosx;
			};
			name = Release;
		};
		028C6E6D1B192E59004E78D5 /* Debug */ = {
			isa = XCBuildConfiguration;
			buildSettings = {
				PRODUCT_NAME = "$(TARGET_NAME)";
			};
			name = Debug;
		};
		028C6E6E1B192E59004E78D5 /* Release */ = {
			isa = XCBuildConfiguration;
			buildSettings = {
				PRODUCT_NAME = "$(TARGET_NAME)";
			};
			name = Release;
		};
/* End XCBuildConfiguration section */

/* Begin XCConfigurationList section */
		028C6E601B192E59004E78D5 /* Build configuration list for PBXProject "RandomPossesions" */ = {
			isa = XCConfigurationList;
			buildConfigurations = (
				028C6E6A1B192E59004E78D5 /* Debug */,
				028C6E6B1B192E59004E78D5 /* Release */,
			);
			defaultConfigurationIsVisible = 0;
			defaultConfigurationName = Release;
		};
		028C6E6C1B192E59004E78D5 /* Build configuration list for PBXNativeTarget "RandomPossesions" */ = {
			isa = XCConfigurationList;
			buildConfigurations = (
				028C6E6D1B192E59004E78D5 /* Debug */,
				028C6E6E1B192E59004E78D5 /* Release */,
			);
			defaultConfigurationIsVisible = 0;
		};
/* End XCConfigurationList section */
	};
	rootObject = 028C6E5D1B192E59004E78D5 /* Project object */;
}
